{
  "name": "a",
  "version": "1.0.0",
  "description": "Bot para WhatsApp usando venom-bot",
  "main": "bot.js",
  "scripts": {
    "start": "node bot.js"
  },
  "dependencies": {
    "venom-bot": "^4.0.0",
    "path": "^0.12.7"
  },
  "devDependencies": {},
  "engines": {
    "node": "16.x"
  },
  "license": "ISC"
}
